
Microsoft Visual Studio Solution File, Format Version 12.00
# Visual Studio Version 17
VisualStudioVersion = 17.14.36429.23 d17.14
MinimumVisualStudioVersion = 10.0.40219.1
Project("{2150E333-8FDC-42A3-9474-1A3956D46DE8}") = "Task0", "Task0", "{02EA681E-C7D8-13C7-8484-4AC65E1B71E8}"
EndProject
Project("{FAE04EC0-301F-11D3-BF4B-00C04F79EFBC}") = "Tyuiu.KazachekI.Sprint3.Task0.V25", "Tyuiu.KazachekI.Sprint3.Task0.V25\Tyuiu.KazachekI.Sprint3.Task0.V25.csproj", "{4BCF402F-06DB-4EBD-87F7-74BB9B1A3698}"
EndProject
Project("{FAE04EC0-301F-11D3-BF4B-00C04F79EFBC}") = "Tyuiu.KazachekI.Sprint3.Task0.V25.Lib", "Tyuiu.KazachekI.Sprint3.Task0.V25.Lib\Tyuiu.KazachekI.Sprint3.Task0.V25.Lib.csproj", "{9BBB3C8D-0A82-4AE1-8A20-908CF2EA1590}"
EndProject
Project("{FAE04EC0-301F-11D3-BF4B-00C04F79EFBC}") = "Tyuiu.KazachekI.Sprint3.Task0.V25.Test", "Tyuiu.KazachekI.Sprint3.Task0.V25.Test\Tyuiu.KazachekI.Sprint3.Task0.V25.Test.csproj", "{A2D8E76A-661A-454F-B2A4-ADEC78E17BF5}"
EndProject
Project("{2150E333-8FDC-42A3-9474-1A3956D46DE8}") = "Task1", "Task1", "{0C01AB88-F56A-4470-A529-336FAD8E69A5}"
EndProject
Project("{2150E333-8FDC-42A3-9474-1A3956D46DE8}") = "Task2", "Task2", "{9F63B3BC-F50F-4E77-9823-F7FDDF228BF3}"
EndProject
Project("{2150E333-8FDC-42A3-9474-1A3956D46DE8}") = "Task4", "Task4", "{A45A07A2-715B-4DD2-BDC5-EE21CB73137A}"
EndProject
Project("{2150E333-8FDC-42A3-9474-1A3956D46DE8}") = "Task5", "Task5", "{155E0EB2-EF58-4F52-9EDF-742DC44FD6B6}"
EndProject
Project("{2150E333-8FDC-42A3-9474-1A3956D46DE8}") = "Task6", "Task6", "{257938A0-9B2C-4B09-BD9A-A5BD98F05A0B}"
EndProject
Project("{2150E333-8FDC-42A3-9474-1A3956D46DE8}") = "Task7", "Task7", "{9AF537F2-8662-40CC-9062-BC271D967EAE}"
EndProject
Project("{FAE04EC0-301F-11D3-BF4B-00C04F79EFBC}") = "Tyuiu.KazachekI.Sprint3.Task1.V27", "Tyuiu.KazachekI.Sprint3.Task1.V27\Tyuiu.KazachekI.Sprint3.Task1.V27.csproj", "{F5311AE9-F6A9-40C7-9C9E-4BEB1FE49E38}"
EndProject
Project("{FAE04EC0-301F-11D3-BF4B-00C04F79EFBC}") = "Tyuiu.KazachekI.Sprint3.Task1.V27.Lib", "Tyuiu.KazachekI.Sprint3.Task1.V27.Lib\Tyuiu.KazachekI.Sprint3.Task1.V27.Lib.csproj", "{A558E75E-B8EF-4516-8DF8-1DCD12255CC0}"
EndProject
Project("{FAE04EC0-301F-11D3-BF4B-00C04F79EFBC}") = "Tyuiu.KazachekI.Sprint3.Task1.V27.Test", "Tyuiu.KazachekI.Sprint3.Task1.V27.Test\Tyuiu.KazachekI.Sprint3.Task1.V27.Test.csproj", "{0009242C-AB28-4BAB-BE9C-F1938A274E58}"
EndProject
Global
	GlobalSection(SolutionConfigurationPlatforms) = preSolution
		Debug|Any CPU = Debug|Any CPU
		Release|Any CPU = Release|Any CPU
	EndGlobalSection
	GlobalSection(ProjectConfigurationPlatforms) = postSolution
		{4BCF402F-06DB-4EBD-87F7-74BB9B1A3698}.Debug|Any CPU.ActiveCfg = Debug|Any CPU
		{4BCF402F-06DB-4EBD-87F7-74BB9B1A3698}.Debug|Any CPU.Build.0 = Debug|Any CPU
		{4BCF402F-06DB-4EBD-87F7-74BB9B1A3698}.Release|Any CPU.ActiveCfg = Release|Any CPU
		{4BCF402F-06DB-4EBD-87F7-74BB9B1A3698}.Release|Any CPU.Build.0 = Release|Any CPU
		{9BBB3C8D-0A82-4AE1-8A20-908CF2EA1590}.Debug|Any CPU.ActiveCfg = Debug|Any CPU
		{9BBB3C8D-0A82-4AE1-8A20-908CF2EA1590}.Debug|Any CPU.Build.0 = Debug|Any CPU
		{9BBB3C8D-0A82-4AE1-8A20-908CF2EA1590}.Release|Any CPU.ActiveCfg = Release|Any CPU
		{9BBB3C8D-0A82-4AE1-8A20-908CF2EA1590}.Release|Any CPU.Build.0 = Release|Any CPU
		{A2D8E76A-661A-454F-B2A4-ADEC78E17BF5}.Debug|Any CPU.ActiveCfg = Debug|Any CPU
		{A2D8E76A-661A-454F-B2A4-ADEC78E17BF5}.Debug|Any CPU.Build.0 = Debug|Any CPU
		{A2D8E76A-661A-454F-B2A4-ADEC78E17BF5}.Release|Any CPU.ActiveCfg = Release|Any CPU
		{A2D8E76A-661A-454F-B2A4-ADEC78E17BF5}.Release|Any CPU.Build.0 = Release|Any CPU
		{F5311AE9-F6A9-40C7-9C9E-4BEB1FE49E38}.Debug|Any CPU.ActiveCfg = Debug|Any CPU
		{F5311AE9-F6A9-40C7-9C9E-4BEB1FE49E38}.Debug|Any CPU.Build.0 = Debug|Any CPU
		{F5311AE9-F6A9-40C7-9C9E-4BEB1FE49E38}.Release|Any CPU.ActiveCfg = Release|Any CPU
		{F5311AE9-F6A9-40C7-9C9E-4BEB1FE49E38}.Release|Any CPU.Build.0 = Release|Any CPU
		{A558E75E-B8EF-4516-8DF8-1DCD12255CC0}.Debug|Any CPU.ActiveCfg = Debug|Any CPU
		{A558E75E-B8EF-4516-8DF8-1DCD12255CC0}.Debug|Any CPU.Build.0 = Debug|Any CPU
		{A558E75E-B8EF-4516-8DF8-1DCD12255CC0}.Release|Any CPU.ActiveCfg = Release|Any CPU
		{A558E75E-B8EF-4516-8DF8-1DCD12255CC0}.Release|Any CPU.Build.0 = Release|Any CPU
		{0009242C-AB28-4BAB-BE9C-F1938A274E58}.Debug|Any CPU.ActiveCfg = Debug|Any CPU
		{0009242C-AB28-4BAB-BE9C-F1938A274E58}.Debug|Any CPU.Build.0 = Debug|Any CPU
		{0009242C-AB28-4BAB-BE9C-F1938A274E58}.Release|Any CPU.ActiveCfg = Release|Any CPU
		{0009242C-AB28-4BAB-BE9C-F1938A274E58}.Release|Any CPU.Build.0 = Release|Any CPU
	EndGlobalSection
	GlobalSection(SolutionProperties) = preSolution
		HideSolutionNode = FALSE
	EndGlobalSection
	GlobalSection(NestedProjects) = preSolution
		{4BCF402F-06DB-4EBD-87F7-74BB9B1A3698} = {02EA681E-C7D8-13C7-8484-4AC65E1B71E8}
		{9BBB3C8D-0A82-4AE1-8A20-908CF2EA1590} = {02EA681E-C7D8-13C7-8484-4AC65E1B71E8}
		{A2D8E76A-661A-454F-B2A4-ADEC78E17BF5} = {02EA681E-C7D8-13C7-8484-4AC65E1B71E8}
		{F5311AE9-F6A9-40C7-9C9E-4BEB1FE49E38} = {0C01AB88-F56A-4470-A529-336FAD8E69A5}
		{A558E75E-B8EF-4516-8DF8-1DCD12255CC0} = {0C01AB88-F56A-4470-A529-336FAD8E69A5}
		{0009242C-AB28-4BAB-BE9C-F1938A274E58} = {0C01AB88-F56A-4470-A529-336FAD8E69A5}
	EndGlobalSection
	GlobalSection(ExtensibilityGlobals) = postSolution
		SolutionGuid = {A0482FD8-B56F-48A8-96C1-4CAE59D5F0EB}
	EndGlobalSection
EndGlobal
