
Microsoft Visual Studio Solution File, Format Version 12.00
# Visual Studio Version 17
VisualStudioVersion = 17.14.36429.23
MinimumVisualStudioVersion = 10.0.40219.1
Project("{2150E333-8FDC-42A3-9474-1A3956D46DE8}") = "Task0", "Task0", "{02EA681E-C7D8-13C7-8484-4AC65E1B71E8}"
EndProject
Project("{FAE04EC0-301F-11D3-BF4B-00C04F79EFBC}") = "Tyuiu.KazachekI.Sprint3.Task0.V25", "Tyuiu.KazachekI.Sprint3.Task0.V25\Tyuiu.KazachekI.Sprint3.Task0.V25.csproj", "{4BCF402F-06DB-4EBD-87F7-74BB9B1A3698}"
EndProject
Project("{FAE04EC0-301F-11D3-BF4B-00C04F79EFBC}") = "Tyuiu.KazachekI.Sprint3.Task0.V25.Lib", "Tyuiu.KazachekI.Sprint3.Task0.V25.Lib\Tyuiu.KazachekI.Sprint3.Task0.V25.Lib.csproj", "{9BBB3C8D-0A82-4AE1-8A20-908CF2EA1590}"
EndProject
Project("{FAE04EC0-301F-11D3-BF4B-00C04F79EFBC}") = "Tyuiu.KazachekI.Sprint3.Task0.V25.Test", "Tyuiu.KazachekI.Sprint3.Task0.V25.Test\Tyuiu.KazachekI.Sprint3.Task0.V25.Test.csproj", "{A2D8E76A-661A-454F-B2A4-ADEC78E17BF5}"
EndProject
Project("{2150E333-8FDC-42A3-9474-1A3956D46DE8}") = "Task1", "Task1", "{0C01AB88-F56A-4470-A529-336FAD8E69A5}"
EndProject
Project("{2150E333-8FDC-42A3-9474-1A3956D46DE8}") = "Task2", "Task2", "{9F63B3BC-F50F-4E77-9823-F7FDDF228BF3}"
EndProject
Project("{2150E333-8FDC-42A3-9474-1A3956D46DE8}") = "Task4", "Task4", "{A45A07A2-715B-4DD2-BDC5-EE21CB73137A}"
EndProject
Project("{2150E333-8FDC-42A3-9474-1A3956D46DE8}") = "Task5", "Task5", "{155E0EB2-EF58-4F52-9EDF-742DC44FD6B6}"
EndProject
Project("{2150E333-8FDC-42A3-9474-1A3956D46DE8}") = "Task6", "Task6", "{257938A0-9B2C-4B09-BD9A-A5BD98F05A0B}"
EndProject
Project("{2150E333-8FDC-42A3-9474-1A3956D46DE8}") = "Task7", "Task7", "{9AF537F2-8662-40CC-9062-BC271D967EAE}"
EndProject
Project("{FAE04EC0-301F-11D3-BF4B-00C04F79EFBC}") = "Tyuiu.KazachekI.Sprint3.Task1.V27", "Tyuiu.KazachekI.Sprint3.Task1.V27\Tyuiu.KazachekI.Sprint3.Task1.V27.csproj", "{F5311AE9-F6A9-40C7-9C9E-4BEB1FE49E38}"
EndProject
Project("{FAE04EC0-301F-11D3-BF4B-00C04F79EFBC}") = "Tyuiu.KazachekI.Sprint3.Task1.V27.Lib", "Tyuiu.KazachekI.Sprint3.Task1.V27.Lib\Tyuiu.KazachekI.Sprint3.Task1.V27.Lib.csproj", "{A558E75E-B8EF-4516-8DF8-1DCD12255CC0}"
EndProject
Project("{FAE04EC0-301F-11D3-BF4B-00C04F79EFBC}") = "Tyuiu.KazachekI.Sprint3.Task1.V27.Test", "Tyuiu.KazachekI.Sprint3.Task1.V27.Test\Tyuiu.KazachekI.Sprint3.Task1.V27.Test.csproj", "{0009242C-AB28-4BAB-BE9C-F1938A274E58}"
EndProject
Project("{FAE04EC0-301F-11D3-BF4B-00C04F79EFBC}") = "Tyuiu.KazachekI.Sprint3.Task2.V8", "Tyuiu.KazachekI.Sprint3.Task2.V8\Tyuiu.KazachekI.Sprint3.Task2.V8.csproj", "{2294AFE3-DCB0-4FD7-89C9-8CDF37DCC8CC}"
EndProject
Project("{FAE04EC0-301F-11D3-BF4B-00C04F79EFBC}") = "Tyuiu.KazachekI.Sprint3.Task2.V8.Lib", "Tyuiu.KazachekI.Sprint3.Task2.V8.Lib\Tyuiu.KazachekI.Sprint3.Task2.V8.Lib.csproj", "{68256297-81E9-4FD1-8B25-DD4AA6FAAC4D}"
EndProject
Project("{FAE04EC0-301F-11D3-BF4B-00C04F79EFBC}") = "Tyuiu.KazachekI.Sprint3.Task2.V8.Test", "Tyuiu.KazachekI.Sprint3.Task2.V8.Test\Tyuiu.KazachekI.Sprint3.Task2.V8.Test.csproj", "{F72FD631-EEAF-4AB7-A7B4-3C070DE4475F}"
EndProject
Project("{2150E333-8FDC-42A3-9474-1A3956D46DE8}") = "Task3", "Task3", "{5AB91B93-F3CD-43DC-A101-D5B4DB9B69C8}"
EndProject
Project("{FAE04EC0-301F-11D3-BF4B-00C04F79EFBC}") = "Tyuiu.KazachekI.Sprint3.Task3.V13", "Tyuiu.KazachekI.Sprint3.Task3.V13\Tyuiu.KazachekI.Sprint3.Task3.V13.csproj", "{F34E3F1E-4E52-4372-B846-C59A24A67AD1}"
EndProject
Project("{FAE04EC0-301F-11D3-BF4B-00C04F79EFBC}") = "Tyuiu.KazachekI.Sprint3.Task3.V13.Lib", "Tyuiu.KazachekI.Sprint3.Task3.V13.Lib\Tyuiu.KazachekI.Sprint3.Task3.V13.Lib.csproj", "{715CD679-21D5-475B-81BC-31A70DD5F911}"
EndProject
Project("{FAE04EC0-301F-11D3-BF4B-00C04F79EFBC}") = "Tyuiu.KazachekI.Sprint3.Task3.V13.Test", "Tyuiu.KazachekI.Sprint3.Task3.V13.Test\Tyuiu.KazachekI.Sprint3.Task3.V13.Test.csproj", "{2502194C-C786-486F-973F-6B4F6430BCE2}"
EndProject
Project("{FAE04EC0-301F-11D3-BF4B-00C04F79EFBC}") = "Tyuiu.KazachekI.Sprint3.Task4.V7", "Tyuiu.KazachekI.Sprint3.Task4.V7\Tyuiu.KazachekI.Sprint3.Task4.V7.csproj", "{7D09E2BF-7027-413C-9B75-9C62F81763BA}"
EndProject
Project("{FAE04EC0-301F-11D3-BF4B-00C04F79EFBC}") = "Tyuiu.KazachekI.Sprint3.Task4.V7.Lib", "Tyuiu.KazachekI.Sprint3.Task4.V7.Lib\Tyuiu.KazachekI.Sprint3.Task4.V7.Lib.csproj", "{B109F140-5A5F-4F2D-B048-8FEDE550A96F}"
EndProject
Project("{FAE04EC0-301F-11D3-BF4B-00C04F79EFBC}") = "Tyuiu.KazachekI.Sprint3.Task4.V7.Test", "Tyuiu.KazachekI.Sprint3.Task4.V7.Test\Tyuiu.KazachekI.Sprint3.Task4.V7.Test.csproj", "{97E7AA36-F809-436E-A53D-3C971B988F3C}"
EndProject
Project("{FAE04EC0-301F-11D3-BF4B-00C04F79EFBC}") = "Tyuiu.KazachekI.Sprint3.Task5.V26", "Tyuiu.KazachekI.Sprint3.Task5.V26\Tyuiu.KazachekI.Sprint3.Task5.V26.csproj", "{D4DB797C-4184-44D5-86E2-6928DA9264B3}"
EndProject
Project("{FAE04EC0-301F-11D3-BF4B-00C04F79EFBC}") = "Tyuiu.KazachekI.Sprint3.Task5.V26.Lib", "Tyuiu.KazachekI.Sprint3.Task5.V26.Lib\Tyuiu.KazachekI.Sprint3.Task5.V26.Lib.csproj", "{2E5ACB72-F8DB-4C94-AE99-C7BF69F3527E}"
EndProject
Project("{FAE04EC0-301F-11D3-BF4B-00C04F79EFBC}") = "Tyuiu.KazachekI.Sprint3.Task5.V26.Test", "Tyuiu.KazachekI.Sprint3.Task5.V26.Test\Tyuiu.KazachekI.Sprint3.Task5.V26.Test.csproj", "{8183AA99-785F-4B3D-AE95-41297C7E2C99}"
EndProject
Project("{FAE04EC0-301F-11D3-BF4B-00C04F79EFBC}") = "Tyuiu.KazachekI.Sprint3.Task6.V8", "Tyuiu.KazachekI.Sprint3.Task6.V8\Tyuiu.KazachekI.Sprint3.Task6.V8.csproj", "{41A99D38-30B2-4667-8EB7-DAAD3757A9BD}"
EndProject
Project("{FAE04EC0-301F-11D3-BF4B-00C04F79EFBC}") = "Tyuiu.KazachekI.Sprint3.Task6.V8.Lib", "Tyuiu.KazachekI.Sprint3.Task6.V8.Lib\Tyuiu.KazachekI.Sprint3.Task6.V8.Lib.csproj", "{7EA1D9EA-EFAB-4866-92CE-12617BFD4765}"
EndProject
Project("{FAE04EC0-301F-11D3-BF4B-00C04F79EFBC}") = "Tyuiu.KazachekI.Sprint3.Task6.V8.Test", "Tyuiu.KazachekI.Sprint3.Task6.V8.Test\Tyuiu.KazachekI.Sprint3.Task6.V8.Test.csproj", "{BB9C36BC-25CF-482F-BFBE-FDA984BCA617}"
EndProject
Project("{FAE04EC0-301F-11D3-BF4B-00C04F79EFBC}") = "Tyuiu.KazachekI.Sprint3.Task7.V28", "Tyuiu.KazachekI.Sprint3.Task7.V28\Tyuiu.KazachekI.Sprint3.Task7.V28.csproj", "{99920C42-4642-472E-9EEF-9E480BF73F81}"
EndProject
Project("{FAE04EC0-301F-11D3-BF4B-00C04F79EFBC}") = "Tyuiu.KazachekI.Sprint3.Task7.V28.Lib", "Tyuiu.KazachekI.Sprint3.Task7.V28.Lib\Tyuiu.KazachekI.Sprint3.Task7.V28.Lib.csproj", "{CED1A8E3-ACAB-45FA-96CF-8F5EB88DFD56}"
EndProject
Project("{FAE04EC0-301F-11D3-BF4B-00C04F79EFBC}") = "Tyuiu.KazachekI.Sprint3.Task7.V28.Test", "Tyuiu.KazachekI.Sprint3.Task7.V28.Test\Tyuiu.KazachekI.Sprint3.Task7.V28.Test.csproj", "{10CB2C13-A52F-4E21-BE9D-99816B1CA3D0}"
EndProject
Global
	GlobalSection(SolutionConfigurationPlatforms) = preSolution
		Debug|Any CPU = Debug|Any CPU
		Release|Any CPU = Release|Any CPU
	EndGlobalSection
	GlobalSection(ProjectConfigurationPlatforms) = postSolution
		{4BCF402F-06DB-4EBD-87F7-74BB9B1A3698}.Debug|Any CPU.ActiveCfg = Debug|Any CPU
		{4BCF402F-06DB-4EBD-87F7-74BB9B1A3698}.Debug|Any CPU.Build.0 = Debug|Any CPU
		{4BCF402F-06DB-4EBD-87F7-74BB9B1A3698}.Release|Any CPU.ActiveCfg = Release|Any CPU
		{4BCF402F-06DB-4EBD-87F7-74BB9B1A3698}.Release|Any CPU.Build.0 = Release|Any CPU
		{9BBB3C8D-0A82-4AE1-8A20-908CF2EA1590}.Debug|Any CPU.ActiveCfg = Debug|Any CPU
		{9BBB3C8D-0A82-4AE1-8A20-908CF2EA1590}.Debug|Any CPU.Build.0 = Debug|Any CPU
		{9BBB3C8D-0A82-4AE1-8A20-908CF2EA1590}.Release|Any CPU.ActiveCfg = Release|Any CPU
		{9BBB3C8D-0A82-4AE1-8A20-908CF2EA1590}.Release|Any CPU.Build.0 = Release|Any CPU
		{A2D8E76A-661A-454F-B2A4-ADEC78E17BF5}.Debug|Any CPU.ActiveCfg = Debug|Any CPU
		{A2D8E76A-661A-454F-B2A4-ADEC78E17BF5}.Debug|Any CPU.Build.0 = Debug|Any CPU
		{A2D8E76A-661A-454F-B2A4-ADEC78E17BF5}.Release|Any CPU.ActiveCfg = Release|Any CPU
		{A2D8E76A-661A-454F-B2A4-ADEC78E17BF5}.Release|Any CPU.Build.0 = Release|Any CPU
		{F5311AE9-F6A9-40C7-9C9E-4BEB1FE49E38}.Debug|Any CPU.ActiveCfg = Debug|Any CPU
		{F5311AE9-F6A9-40C7-9C9E-4BEB1FE49E38}.Debug|Any CPU.Build.0 = Debug|Any CPU
		{F5311AE9-F6A9-40C7-9C9E-4BEB1FE49E38}.Release|Any CPU.ActiveCfg = Release|Any CPU
		{F5311AE9-F6A9-40C7-9C9E-4BEB1FE49E38}.Release|Any CPU.Build.0 = Release|Any CPU
		{A558E75E-B8EF-4516-8DF8-1DCD12255CC0}.Debug|Any CPU.ActiveCfg = Debug|Any CPU
		{A558E75E-B8EF-4516-8DF8-1DCD12255CC0}.Debug|Any CPU.Build.0 = Debug|Any CPU
		{A558E75E-B8EF-4516-8DF8-1DCD12255CC0}.Release|Any CPU.ActiveCfg = Release|Any CPU
		{A558E75E-B8EF-4516-8DF8-1DCD12255CC0}.Release|Any CPU.Build.0 = Release|Any CPU
		{0009242C-AB28-4BAB-BE9C-F1938A274E58}.Debug|Any CPU.ActiveCfg = Debug|Any CPU
		{0009242C-AB28-4BAB-BE9C-F1938A274E58}.Debug|Any CPU.Build.0 = Debug|Any CPU
		{0009242C-AB28-4BAB-BE9C-F1938A274E58}.Release|Any CPU.ActiveCfg = Release|Any CPU
		{0009242C-AB28-4BAB-BE9C-F1938A274E58}.Release|Any CPU.Build.0 = Release|Any CPU
		{2294AFE3-DCB0-4FD7-89C9-8CDF37DCC8CC}.Debug|Any CPU.ActiveCfg = Debug|Any CPU
		{2294AFE3-DCB0-4FD7-89C9-8CDF37DCC8CC}.Debug|Any CPU.Build.0 = Debug|Any CPU
		{2294AFE3-DCB0-4FD7-89C9-8CDF37DCC8CC}.Release|Any CPU.ActiveCfg = Release|Any CPU
		{2294AFE3-DCB0-4FD7-89C9-8CDF37DCC8CC}.Release|Any CPU.Build.0 = Release|Any CPU
		{68256297-81E9-4FD1-8B25-DD4AA6FAAC4D}.Debug|Any CPU.ActiveCfg = Debug|Any CPU
		{68256297-81E9-4FD1-8B25-DD4AA6FAAC4D}.Debug|Any CPU.Build.0 = Debug|Any CPU
		{68256297-81E9-4FD1-8B25-DD4AA6FAAC4D}.Release|Any CPU.ActiveCfg = Release|Any CPU
		{68256297-81E9-4FD1-8B25-DD4AA6FAAC4D}.Release|Any CPU.Build.0 = Release|Any CPU
		{F72FD631-EEAF-4AB7-A7B4-3C070DE4475F}.Debug|Any CPU.ActiveCfg = Debug|Any CPU
		{F72FD631-EEAF-4AB7-A7B4-3C070DE4475F}.Debug|Any CPU.Build.0 = Debug|Any CPU
		{F72FD631-EEAF-4AB7-A7B4-3C070DE4475F}.Release|Any CPU.ActiveCfg = Release|Any CPU
		{F72FD631-EEAF-4AB7-A7B4-3C070DE4475F}.Release|Any CPU.Build.0 = Release|Any CPU
		{F34E3F1E-4E52-4372-B846-C59A24A67AD1}.Debug|Any CPU.ActiveCfg = Debug|Any CPU
		{F34E3F1E-4E52-4372-B846-C59A24A67AD1}.Debug|Any CPU.Build.0 = Debug|Any CPU
		{F34E3F1E-4E52-4372-B846-C59A24A67AD1}.Release|Any CPU.ActiveCfg = Release|Any CPU
		{F34E3F1E-4E52-4372-B846-C59A24A67AD1}.Release|Any CPU.Build.0 = Release|Any CPU
		{715CD679-21D5-475B-81BC-31A70DD5F911}.Debug|Any CPU.ActiveCfg = Debug|Any CPU
		{715CD679-21D5-475B-81BC-31A70DD5F911}.Debug|Any CPU.Build.0 = Debug|Any CPU
		{715CD679-21D5-475B-81BC-31A70DD5F911}.Release|Any CPU.ActiveCfg = Release|Any CPU
		{715CD679-21D5-475B-81BC-31A70DD5F911}.Release|Any CPU.Build.0 = Release|Any CPU
		{2502194C-C786-486F-973F-6B4F6430BCE2}.Debug|Any CPU.ActiveCfg = Debug|Any CPU
		{2502194C-C786-486F-973F-6B4F6430BCE2}.Debug|Any CPU.Build.0 = Debug|Any CPU
		{2502194C-C786-486F-973F-6B4F6430BCE2}.Release|Any CPU.ActiveCfg = Release|Any CPU
		{2502194C-C786-486F-973F-6B4F6430BCE2}.Release|Any CPU.Build.0 = Release|Any CPU
		{7D09E2BF-7027-413C-9B75-9C62F81763BA}.Debug|Any CPU.ActiveCfg = Debug|Any CPU
		{7D09E2BF-7027-413C-9B75-9C62F81763BA}.Debug|Any CPU.Build.0 = Debug|Any CPU
		{7D09E2BF-7027-413C-9B75-9C62F81763BA}.Release|Any CPU.ActiveCfg = Release|Any CPU
		{7D09E2BF-7027-413C-9B75-9C62F81763BA}.Release|Any CPU.Build.0 = Release|Any CPU
		{B109F140-5A5F-4F2D-B048-8FEDE550A96F}.Debug|Any CPU.ActiveCfg = Debug|Any CPU
		{B109F140-5A5F-4F2D-B048-8FEDE550A96F}.Debug|Any CPU.Build.0 = Debug|Any CPU
		{B109F140-5A5F-4F2D-B048-8FEDE550A96F}.Release|Any CPU.ActiveCfg = Release|Any CPU
		{B109F140-5A5F-4F2D-B048-8FEDE550A96F}.Release|Any CPU.Build.0 = Release|Any CPU
		{97E7AA36-F809-436E-A53D-3C971B988F3C}.Debug|Any CPU.ActiveCfg = Debug|Any CPU
		{97E7AA36-F809-436E-A53D-3C971B988F3C}.Debug|Any CPU.Build.0 = Debug|Any CPU
		{97E7AA36-F809-436E-A53D-3C971B988F3C}.Release|Any CPU.ActiveCfg = Release|Any CPU
		{97E7AA36-F809-436E-A53D-3C971B988F3C}.Release|Any CPU.Build.0 = Release|Any CPU
		{D4DB797C-4184-44D5-86E2-6928DA9264B3}.Debug|Any CPU.ActiveCfg = Debug|Any CPU
		{D4DB797C-4184-44D5-86E2-6928DA9264B3}.Debug|Any CPU.Build.0 = Debug|Any CPU
		{D4DB797C-4184-44D5-86E2-6928DA9264B3}.Release|Any CPU.ActiveCfg = Release|Any CPU
		{D4DB797C-4184-44D5-86E2-6928DA9264B3}.Release|Any CPU.Build.0 = Release|Any CPU
		{2E5ACB72-F8DB-4C94-AE99-C7BF69F3527E}.Debug|Any CPU.ActiveCfg = Debug|Any CPU
		{2E5ACB72-F8DB-4C94-AE99-C7BF69F3527E}.Debug|Any CPU.Build.0 = Debug|Any CPU
		{2E5ACB72-F8DB-4C94-AE99-C7BF69F3527E}.Release|Any CPU.ActiveCfg = Release|Any CPU
		{2E5ACB72-F8DB-4C94-AE99-C7BF69F3527E}.Release|Any CPU.Build.0 = Release|Any CPU
		{8183AA99-785F-4B3D-AE95-41297C7E2C99}.Debug|Any CPU.ActiveCfg = Debug|Any CPU
		{8183AA99-785F-4B3D-AE95-41297C7E2C99}.Debug|Any CPU.Build.0 = Debug|Any CPU
		{8183AA99-785F-4B3D-AE95-41297C7E2C99}.Release|Any CPU.ActiveCfg = Release|Any CPU
		{8183AA99-785F-4B3D-AE95-41297C7E2C99}.Release|Any CPU.Build.0 = Release|Any CPU
		{41A99D38-30B2-4667-8EB7-DAAD3757A9BD}.Debug|Any CPU.ActiveCfg = Debug|Any CPU
		{41A99D38-30B2-4667-8EB7-DAAD3757A9BD}.Debug|Any CPU.Build.0 = Debug|Any CPU
		{41A99D38-30B2-4667-8EB7-DAAD3757A9BD}.Release|Any CPU.ActiveCfg = Release|Any CPU
		{41A99D38-30B2-4667-8EB7-DAAD3757A9BD}.Release|Any CPU.Build.0 = Release|Any CPU
		{7EA1D9EA-EFAB-4866-92CE-12617BFD4765}.Debug|Any CPU.ActiveCfg = Debug|Any CPU
		{7EA1D9EA-EFAB-4866-92CE-12617BFD4765}.Debug|Any CPU.Build.0 = Debug|Any CPU
		{7EA1D9EA-EFAB-4866-92CE-12617BFD4765}.Release|Any CPU.ActiveCfg = Release|Any CPU
		{7EA1D9EA-EFAB-4866-92CE-12617BFD4765}.Release|Any CPU.Build.0 = Release|Any CPU
		{BB9C36BC-25CF-482F-BFBE-FDA984BCA617}.Debug|Any CPU.ActiveCfg = Debug|Any CPU
		{BB9C36BC-25CF-482F-BFBE-FDA984BCA617}.Debug|Any CPU.Build.0 = Debug|Any CPU
		{BB9C36BC-25CF-482F-BFBE-FDA984BCA617}.Release|Any CPU.ActiveCfg = Release|Any CPU
		{BB9C36BC-25CF-482F-BFBE-FDA984BCA617}.Release|Any CPU.Build.0 = Release|Any CPU
		{99920C42-4642-472E-9EEF-9E480BF73F81}.Debug|Any CPU.ActiveCfg = Debug|Any CPU
		{99920C42-4642-472E-9EEF-9E480BF73F81}.Debug|Any CPU.Build.0 = Debug|Any CPU
		{99920C42-4642-472E-9EEF-9E480BF73F81}.Release|Any CPU.ActiveCfg = Release|Any CPU
		{99920C42-4642-472E-9EEF-9E480BF73F81}.Release|Any CPU.Build.0 = Release|Any CPU
		{CED1A8E3-ACAB-45FA-96CF-8F5EB88DFD56}.Debug|Any CPU.ActiveCfg = Debug|Any CPU
		{CED1A8E3-ACAB-45FA-96CF-8F5EB88DFD56}.Debug|Any CPU.Build.0 = Debug|Any CPU
		{CED1A8E3-ACAB-45FA-96CF-8F5EB88DFD56}.Release|Any CPU.ActiveCfg = Release|Any CPU
		{CED1A8E3-ACAB-45FA-96CF-8F5EB88DFD56}.Release|Any CPU.Build.0 = Release|Any CPU
		{10CB2C13-A52F-4E21-BE9D-99816B1CA3D0}.Debug|Any CPU.ActiveCfg = Debug|Any CPU
		{10CB2C13-A52F-4E21-BE9D-99816B1CA3D0}.Debug|Any CPU.Build.0 = Debug|Any CPU
		{10CB2C13-A52F-4E21-BE9D-99816B1CA3D0}.Release|Any CPU.ActiveCfg = Release|Any CPU
		{10CB2C13-A52F-4E21-BE9D-99816B1CA3D0}.Release|Any CPU.Build.0 = Release|Any CPU
	EndGlobalSection
	GlobalSection(SolutionProperties) = preSolution
		HideSolutionNode = FALSE
	EndGlobalSection
	GlobalSection(NestedProjects) = preSolution
		{4BCF402F-06DB-4EBD-87F7-74BB9B1A3698} = {02EA681E-C7D8-13C7-8484-4AC65E1B71E8}
		{9BBB3C8D-0A82-4AE1-8A20-908CF2EA1590} = {02EA681E-C7D8-13C7-8484-4AC65E1B71E8}
		{A2D8E76A-661A-454F-B2A4-ADEC78E17BF5} = {02EA681E-C7D8-13C7-8484-4AC65E1B71E8}
		{F5311AE9-F6A9-40C7-9C9E-4BEB1FE49E38} = {0C01AB88-F56A-4470-A529-336FAD8E69A5}
		{A558E75E-B8EF-4516-8DF8-1DCD12255CC0} = {0C01AB88-F56A-4470-A529-336FAD8E69A5}
		{0009242C-AB28-4BAB-BE9C-F1938A274E58} = {0C01AB88-F56A-4470-A529-336FAD8E69A5}
		{2294AFE3-DCB0-4FD7-89C9-8CDF37DCC8CC} = {9F63B3BC-F50F-4E77-9823-F7FDDF228BF3}
		{68256297-81E9-4FD1-8B25-DD4AA6FAAC4D} = {9F63B3BC-F50F-4E77-9823-F7FDDF228BF3}
		{F72FD631-EEAF-4AB7-A7B4-3C070DE4475F} = {9F63B3BC-F50F-4E77-9823-F7FDDF228BF3}
		{F34E3F1E-4E52-4372-B846-C59A24A67AD1} = {5AB91B93-F3CD-43DC-A101-D5B4DB9B69C8}
		{715CD679-21D5-475B-81BC-31A70DD5F911} = {5AB91B93-F3CD-43DC-A101-D5B4DB9B69C8}
		{2502194C-C786-486F-973F-6B4F6430BCE2} = {5AB91B93-F3CD-43DC-A101-D5B4DB9B69C8}
		{7D09E2BF-7027-413C-9B75-9C62F81763BA} = {A45A07A2-715B-4DD2-BDC5-EE21CB73137A}
		{B109F140-5A5F-4F2D-B048-8FEDE550A96F} = {A45A07A2-715B-4DD2-BDC5-EE21CB73137A}
		{97E7AA36-F809-436E-A53D-3C971B988F3C} = {A45A07A2-715B-4DD2-BDC5-EE21CB73137A}
		{D4DB797C-4184-44D5-86E2-6928DA9264B3} = {155E0EB2-EF58-4F52-9EDF-742DC44FD6B6}
		{2E5ACB72-F8DB-4C94-AE99-C7BF69F3527E} = {155E0EB2-EF58-4F52-9EDF-742DC44FD6B6}
		{8183AA99-785F-4B3D-AE95-41297C7E2C99} = {155E0EB2-EF58-4F52-9EDF-742DC44FD6B6}
		{41A99D38-30B2-4667-8EB7-DAAD3757A9BD} = {257938A0-9B2C-4B09-BD9A-A5BD98F05A0B}
		{7EA1D9EA-EFAB-4866-92CE-12617BFD4765} = {257938A0-9B2C-4B09-BD9A-A5BD98F05A0B}
		{BB9C36BC-25CF-482F-BFBE-FDA984BCA617} = {257938A0-9B2C-4B09-BD9A-A5BD98F05A0B}
		{99920C42-4642-472E-9EEF-9E480BF73F81} = {9AF537F2-8662-40CC-9062-BC271D967EAE}
		{CED1A8E3-ACAB-45FA-96CF-8F5EB88DFD56} = {9AF537F2-8662-40CC-9062-BC271D967EAE}
		{10CB2C13-A52F-4E21-BE9D-99816B1CA3D0} = {9AF537F2-8662-40CC-9062-BC271D967EAE}
	EndGlobalSection
	GlobalSection(ExtensibilityGlobals) = postSolution
		SolutionGuid = {A0482FD8-B56F-48A8-96C1-4CAE59D5F0EB}
	EndGlobalSection
EndGlobal
